Microsoft Visual Studio Solution File, Format Version 11.00
# Visual Studio 2008

Project("{F33E9014-FE47-1153-5C7E-56A6E5DC8360}") = "CrossCircle", "Assembly-CSharp.csproj", "{9E7F6004-AF1E-A0F8-FA75-42721BE21708}"
EndProject
Global
	GlobalSection(SolutionConfigurationPlatforms) = preSolution
		Debug|Any CPU = Debug|Any CPU
		Release|Any CPU = Release|Any CPU
	EndGlobalSection
	GlobalSection(ProjectConfigurationPlatforms) = postSolution
		{9E7F6004-AF1E-A0F8-FA75-42721BE21708}.Debug|Any CPU.ActiveCfg = Debug|Any CPU
		{9E7F6004-AF1E-A0F8-FA75-42721BE21708}.Debug|Any CPU.Build.0 = Debug|Any CPU
		{9E7F6004-AF1E-A0F8-FA75-42721BE21708}.Release|Any CPU.ActiveCfg = Release|Any CPU
		{9E7F6004-AF1E-A0F8-FA75-42721BE21708}.Release|Any CPU.Build.0 = Release|Any CPU
	EndGlobalSection
	GlobalSection(SolutionProperties) = preSolution
		HideSolutionNode = FALSE
	EndGlobalSection
	GlobalSection(MonoDevelopProperties) = preSolution
		StartupItem = Assembly-CSharp.csproj
	EndGlobalSection
EndGlobal
